{
  "originHash" : "0b869a52614449cff7048a8997cb0ee526db6adc66e7f6dfaec47a98e647cda6",
  "pins" : [
    {
      "identity" : "onnxruntime-libs",
      "kind" : "remoteSourceControl",
      "location" : "https://github.com/csukuangfj/onnxruntime-libs",
      "state" : {
        "revision" : "2ece6a6d72b6667d69f33f05b417ebed079f226a",
        "version" : "1.28.2"
      }
    },
    {
      "identity" : "sherpa-onnx",
      "kind" : "remoteSourceControl",
      "location" : "https://github.com/k2-fsa/sherpa-onnx.git",
      "state" : {
        "revision" : "11afbd009a7f8c08f4bcf2fc1b265d0df4670fbf",
        "version" : "1.13.8"
      }
    }
  ],
  "version" : 3
}
